// !$*UTF8*$!
{
	archiveVersion = 1;
	classes = {
	};
	objectVersion = 46;
	objects = {

/* Begin PBXBuildFile section */
		07D2F2E31D2FDC1500BC964B /* AppDelegate.swift in Sources */ = {isa = PBXBuildFile; fileRef = 07D2F2E21D2FDC1500BC964B /* AppDelegate.swift */; };
		07D2F2E51D2FDC1500BC964B /* ViewController.swift in Sources */ = {isa = PBXBuildFile; fileRef = 07D2F2E41D2FDC1500BC964B /* ViewController.swift */; };
		07D2F2E81D2FDC1500BC964B /* Main.storyboard in Resources */ = {isa = PBXBuildFile; fileRef = 07D2F2E61D2FDC1500BC964B /* Main.storyboard */; };
		07D2F2EA1D2FDC1500BC964B /* Assets.xcassets in Resources */ = {isa = PBXBuildFile; fileRef = 07D2F2E91D2FDC1500BC964B /* Assets.xcassets */; };
		07D2F2ED1D2FDC1500BC964B /* LaunchScreen.storyboard in Resources */ = {isa = PBXBuildFile; fileRef = 07D2F2EB1D2FDC1500BC964B /* LaunchScreen.storyboard */; };
		07D2F3111D2FDCB800BC964B /* PresentingViewController.swift in Sources */ = {isa = PBXBuildFile; fileRef = 07D2F3101D2FDCB800BC964B /* PresentingViewController.swift */; };
		07D2F3131D2FDCD400BC964B /* PresentedViewController.swift in Sources */ = {isa = PBXBuildFile; fileRef = 07D2F3121D2FDCD400BC964B /* PresentedViewController.swift */; };
		07D2F3151D2FE56F00BC964B /* InitialViewController.swift in Sources */ = {isa = PBXBuildFile; fileRef = 07D2F3141D2FE56F00BC964B /* InitialViewController.swift */; };
		07D2F3171D2FFE4800BC964B /* AboutViewController.swift in Sources */ = {isa = PBXBuildFile; fileRef = 07D2F3161D2FFE4800BC964B /* AboutViewController.swift */; };
/* End PBXBuildFile section */

/* Begin PBXFileReference section */
		07D2F2DF1D2FDC1500BC964B /* LeakyTwo.app */ = {isa = PBXFileReference; explicitFileType = wrapper.application; includeInIndex = 0; path = LeakyTwo.app; sourceTree = BUILT_PRODUCTS_DIR; };
		07D2F2E21D2FDC1500BC964B /* AppDelegate.swift */ = {isa = PBXFileReference; lastKnownFileType = sourcecode.swift; path = AppDelegate.swift; sourceTree = "<group>"; };
		07D2F2E41D2FDC1500BC964B /* ViewController.swift */ = {isa = PBXFileReference; lastKnownFileType = sourcecode.swift; path = ViewController.swift; sourceTree = "<group>"; };
		07D2F2E71D2FDC1500BC964B /* Base */ = {isa = PBXFileReference; lastKnownFileType = file.storyboard; name = Base; path = Base.lproj/Main.storyboard; sourceTree = "<group>"; };
		07D2F2E91D2FDC1500BC964B /* Assets.xcassets */ = {isa = PBXFileReference; lastKnownFileType = folder.assetcatalog; path = Assets.xcassets; sourceTree = "<group>"; };
		07D2F2EC1D2FDC1500BC964B /* Base */ = {isa = PBXFileReference; lastKnownFileType = file.storyboard; name = Base; path = Base.lproj/LaunchScreen.storyboard; sourceTree = "<group>"; };
		07D2F2EE1D2FDC1500BC964B /* Info.plist */ = {isa = PBXFileReference; lastKnownFileType = text.plist.xml; path = Info.plist; sourceTree = "<group>"; };
		07D2F2F71D2FDC1600BC964B /* LeakyTwoTests.swift */ = {isa = PBXFileReference; lastKnownFileType = sourcecode.swift; path = LeakyTwoTests.swift; sourceTree = "<group>"; };
		07D2F2F91D2FDC1600BC964B /* Info.plist */ = {isa = PBXFileReference; lastKnownFileType = text.plist.xml; path = Info.plist; sourceTree = "<group>"; };
		07D2F3021D2FDC1600BC964B /* LeakyTwoUITests.swift */ = {isa = PBXFileReference; lastKnownFileType = sourcecode.swift; path = LeakyTwoUITests.swift; sourceTree = "<group>"; };
		07D2F3041D2FDC1600BC964B /* Info.plist */ = {isa = PBXFileReference; lastKnownFileType = text.plist.xml; path = Info.plist; sourceTree = "<group>"; };
		07D2F3101D2FDCB800BC964B /* PresentingViewController.swift */ = {isa = PBXFileReference; fileEncoding = 4; lastKnownFileType = sourcecode.swift; path = PresentingViewController.swift; sourceTree = "<group>"; };
		07D2F3121D2FDCD400BC964B /* PresentedViewController.swift */ = {isa = PBXFileReference; fileEncoding = 4; lastKnownFileType = sourcecode.swift; path = PresentedViewController.swift; sourceTree = "<group>"; };
		07D2F3141D2FE56F00BC964B /* InitialViewController.swift */ = {isa = PBXFileReference; fileEncoding = 4; lastKnownFileType = sourcecode.swift; name = InitialViewController.swift; path = ../InitialViewController.swift; sourceTree = "<group>"; };
		07D2F3161D2FFE4800BC964B /* AboutViewController.swift */ = {isa = PBXFileReference; fileEncoding = 4; lastKnownFileType = sourcecode.swift; path = AboutViewController.swift; sourceTree = "<group>"; };
/* End PBXFileReference section */

/* Begin PBXFrameworksBuildPhase section */
		07D2F2DC1D2FDC1500BC964B /* Frameworks */ = {
			isa = PBXFrameworksBuildPhase;
			buildActionMask = 2147483647;
			files = (
			);
			runOnlyForDeploymentPostprocessing = 0;
		};
/* End PBXFrameworksBuildPhase section */

/* Begin PBXGroup section */
		07D2F2D61D2FDC1500BC964B = {
			isa = PBXGroup;
			children = (
				07D2F2E11D2FDC1500BC964B /* LeakyTwo */,
				07D2F2F61D2FDC1600BC964B /* LeakyTwoTests */,
				07D2F3011D2FDC1600BC964B /* LeakyTwoUITests */,
				07D2F2E01D2FDC1500BC964B /* Products */,
			);
			sourceTree = "<group>";
		};
		07D2F2E01D2FDC1500BC964B /* Products */ = {
			isa = PBXGroup;
			children = (
				07D2F2DF1D2FDC1500BC964B /* LeakyTwo.app */,
			);
			name = Products;
			sourceTree = "<group>";
		};
		07D2F2E11D2FDC1500BC964B /* LeakyTwo */ = {
			isa = PBXGroup;
			children = (
				07D2F2E21D2FDC1500BC964B /* AppDelegate.swift */,
				07D2F2E41D2FDC1500BC964B /* ViewController.swift */,
				07D2F2E61D2FDC1500BC964B /* Main.storyboard */,
				07D2F3161D2FFE4800BC964B /* AboutViewController.swift */,
				07D2F3141D2FE56F00BC964B /* InitialViewController.swift */,
				07D2F3101D2FDCB800BC964B /* PresentingViewController.swift */,
				07D2F3121D2FDCD400BC964B /* PresentedViewController.swift */,
				07D2F2E91D2FDC1500BC964B /* Assets.xcassets */,
				07D2F2EB1D2FDC1500BC964B /* LaunchScreen.storyboard */,
				07D2F2EE1D2FDC1500BC964B /* Info.plist */,
			);
			path = LeakyTwo;
			sourceTree = "<group>";
		};
		07D2F2F61D2FDC1600BC964B /* LeakyTwoTests */ = {
			isa = PBXGroup;
			children = (
				07D2F2F71D2FDC1600BC964B /* LeakyTwoTests.swift */,
				07D2F2F91D2FDC1600BC964B /* Info.plist */,
			);
			path = LeakyTwoTests;
			sourceTree = "<group>";
		};
		07D2F3011D2FDC1600BC964B /* LeakyTwoUITests */ = {
			isa = PBXGroup;
			children = (
				07D2F3021D2FDC1600BC964B /* LeakyTwoUITests.swift */,
				07D2F3041D2FDC1600BC964B /* Info.plist */,
			);
			path = LeakyTwoUITests;
			sourceTree = "<group>";
		};
/* End PBXGroup section */

/* Begin PBXNativeTarget section */
		07D2F2DE1D2FDC1500BC964B /* LeakyTwo */ = {
			isa = PBXNativeTarget;
			buildConfigurationList = 07D2F3071D2FDC1600BC964B /* Build configuration list for PBXNativeTarget "LeakyTwo" */;
			buildPhases = (
				07D2F2DB1D2FDC1500BC964B /* Sources */,
				07D2F2DC1D2FDC1500BC964B /* Frameworks */,
				07D2F2DD1D2FDC1500BC964B /* Resources */,
			);
			buildRules = (
			);
			dependencies = (
			);
			name = LeakyTwo;
			productName = LeakyTwo;
			productReference = 07D2F2DF1D2FDC1500BC964B /* LeakyTwo.app */;
			productType = "com.apple.product-type.application";
		};
/* End PBXNativeTarget section */

/* Begin PBXProject section */
		07D2F2D71D2FDC1500BC964B /* Project object */ = {
			isa = PBXProject;
			attributes = {
				LastSwiftUpdateCheck = 0800;
				LastUpgradeCheck = 0810;
				ORGANIZATIONNAME = "Nicholas Outram";
				TargetAttributes = {
					07D2F2DE1D2FDC1500BC964B = {
						CreatedOnToolsVersion = 8.0;
						DevelopmentTeam = A5RDWYM8E9;
						DevelopmentTeamName = "University of Plymouth Enterprise Ltd";
						LastSwiftMigration = 0810;
						ProvisioningStyle = Automatic;
					};
				};
			};
			buildConfigurationList = 07D2F2DA1D2FDC1500BC964B /* Build configuration list for PBXProject "LeakyTwo" */;
			compatibilityVersion = "Xcode 3.2";
			developmentRegion = English;
			hasScannedForEncodings = 0;
			knownRegions = (
				en,
				Base,
			);
			mainGroup = 07D2F2D61D2FDC1500BC964B;
			productRefGroup = 07D2F2E01D2FDC1500BC964B /* Products */;
			projectDirPath = "";
			projectRoot = "";
			targets = (
				07D2F2DE1D2FDC1500BC964B /* LeakyTwo */,
			);
		};
/* End PBXProject section */

/* Begin PBXResourcesBuildPhase section */
		07D2F2DD1D2FDC1500BC964B /* Resources */ = {
			isa = PBXResourcesBuildPhase;
			buildActionMask = 2147483647;
			files = (
				07D2F2ED1D2FDC1500BC964B /* LaunchScreen.storyboard in Resources */,
				07D2F2EA1D2FDC1500BC964B /* Assets.xcassets in Resources */,
				07D2F2E81D2FDC1500BC964B /* Main.storyboard in Resources */,
			);
			runOnlyForDeploymentPostprocessing = 0;
		};
/* End PBXResourcesBuildPhase section */

/* Begin PBXSourcesBuildPhase section */
		07D2F2DB1D2FDC1500BC964B /* Sources */ = {
			isa = PBXSourcesBuildPhase;
			buildActionMask = 2147483647;
			files = (
				07D2F3171D2FFE4800BC964B /* AboutViewController.swift in Sources */,
				07D2F3151D2FE56F00BC964B /* InitialViewController.swift in Sources */,
				07D2F2E51D2FDC1500BC964B /* ViewController.swift in Sources */,
				07D2F3131D2FDCD400BC964B /* PresentedViewController.swift in Sources */,
				07D2F3111D2FDCB800BC964B /* PresentingViewController.swift in Sources */,
				07D2F2E31D2FDC1500BC964B /* AppDelegate.swift in Sources */,
			);
			runOnlyForDeploymentPostprocessing = 0;
		};
/* End PBXSourcesBuildPhase section */

/* Begin PBXVariantGroup section */
		07D2F2E61D2FDC1500BC964B /* Main.storyboard */ = {
			isa = PBXVariantGroup;
			children = (
				07D2F2E71D2FDC1500BC964B /* Base */,
			);
			name = Main.storyboard;
			sourceTree = "<group>";
		};
		07D2F2EB1D2FDC1500BC964B /* LaunchScreen.storyboard */ = {
			isa = PBXVariantGroup;
			children = (
				07D2F2EC1D2FDC1500BC964B /* Base */,
			);
			name = LaunchScreen.storyboard;
			sourceTree = "<group>";
		};
/* End PBXVariantGroup section */

/* Begin XCBuildConfiguration section */
		07D2F3051D2FDC1600BC964B /* Debug */ = {
			isa = XCBuildConfiguration;
			buildSettings = {
				ALWAYS_SEARCH_USER_PATHS = NO;
				CLANG_ANALYZER_NONNULL = YES;
				CLANG_CXX_LANGUAGE_STANDARD = "gnu++0x";
				CLANG_CXX_LIBRARY = "libc++";
				CLANG_ENABLE_MODULES = YES;
				CLANG_ENABLE_OBJC_ARC = YES;
				CLANG_WARN_BOOL_CONVERSION = YES;
				CLANG_WARN_CONSTANT_CONVERSION = YES;
				CLANG_WARN_DIRECT_OBJC_ISA_USAGE = YES_ERROR;
				CLANG_WARN_DOCUMENTATION_COMMENTS = YES;
				CLANG_WARN_EMPTY_BODY = YES;
				CLANG_WARN_ENUM_CONVERSION = YES;
				CLANG_WARN_INFINITE_RECURSION = YES;
				CLANG_WARN_INT_CONVERSION = YES;
				CLANG_WARN_OBJC_ROOT_CLASS = YES_ERROR;
				CLANG_WARN_SUSPICIOUS_MOVE = YES;
				CLANG_WARN_UNREACHABLE_CODE = YES;
				CLANG_WARN__DUPLICATE_METHOD_MATCH = YES;
				"CODE_SIGN_IDENTITY[sdk=iphoneos*]" = "iPhone Developer";
				COPY_PHASE_STRIP = NO;
				DEBUG_INFORMATION_FORMAT = dwarf;
				ENABLE_STRICT_OBJC_MSGSEND = YES;
				ENABLE_TESTABILITY = YES;
				GCC_C_LANGUAGE_STANDARD = gnu99;
				GCC_DYNAMIC_NO_PIC = NO;
				GCC_NO_COMMON_BLOCKS = YES;
				GCC_OPTIMIZATION_LEVEL = 0;
				GCC_PREPROCESSOR_DEFINITIONS = (
					"DEBUG=1",
					"$(inherited)",
				);
				GCC_WARN_64_TO_32_BIT_CONVERSION = YES;
				GCC_WARN_ABOUT_RETURN_TYPE = YES_ERROR;
				GCC_WARN_UNDECLARED_SELECTOR = YES;
				GCC_WARN_UNINITIALIZED_AUTOS = YES_AGGRESSIVE;
				GCC_WARN_UNUSED_FUNCTION = YES;
				GCC_WARN_UNUSED_VARIABLE = YES;
				IPHONEOS_DEPLOYMENT_TARGET = 10.1;
				MTL_ENABLE_DEBUG_INFO = YES;
				ONLY_ACTIVE_ARCH = YES;
				SDKROOT = iphoneos;
				SWIFT_ACTIVE_COMPILATION_CONDITIONS = DEBUG;
				SWIFT_OPTIMIZATION_LEVEL = "-Onone";
				TARGETED_DEVICE_FAMILY = "1,2";
			};
			name = Debug;
		};
		07D2F3061D2FDC1600BC964B /* Release */ = {
			isa = XCBuildConfiguration;
			buildSettings = {
				ALWAYS_SEARCH_USER_PATHS = NO;
				CLANG_ANALYZER_NONNULL = YES;
				CLANG_CXX_LANGUAGE_STANDARD = "gnu++0x";
				CLANG_CXX_LIBRARY = "libc++";
				CLANG_ENABLE_MODULES = YES;
				CLANG_ENABLE_OBJC_ARC = YES;
				CLANG_WARN_BOOL_CONVERSION = YES;
				CLANG_WARN_CONSTANT_CONVERSION = YES;
				CLANG_WARN_DIRECT_OBJC_ISA_USAGE = YES_ERROR;
				CLANG_WARN_DOCUMENTATION_COMMENTS = YES;
				CLANG_WARN_EMPTY_BODY = YES;
				CLANG_WARN_ENUM_CONVERSION = YES;
				CLANG_WARN_INFINITE_RECURSION = YES;
				CLANG_WARN_INT_CONVERSION = YES;
				CLANG_WARN_OBJC_ROOT_CLASS = YES_ERROR;
				CLANG_WARN_SUSPICIOUS_MOVE = YES;
				CLANG_WARN_UNREACHABLE_CODE = YES;
				CLANG_WARN__DUPLICATE_METHOD_MATCH = YES;
				"CODE_SIGN_IDENTITY[sdk=iphoneos*]" = "iPhone Developer";
				COPY_PHASE_STRIP = NO;
				DEBUG_INFORMATION_FORMAT = "dwarf-with-dsym";
				ENABLE_NS_ASSERTIONS = NO;
				ENABLE_STRICT_OBJC_MSGSEND = YES;
				GCC_C_LANGUAGE_STANDARD = gnu99;
				GCC_NO_COMMON_BLOCKS = YES;
				GCC_WARN_64_TO_32_BIT_CONVERSION = YES;
				GCC_WARN_ABOUT_RETURN_TYPE = YES_ERROR;
				GCC_WARN_UNDECLARED_SELECTOR = YES;
				GCC_WARN_UNINITIALIZED_AUTOS = YES_AGGRESSIVE;
				GCC_WARN_UNUSED_FUNCTION = YES;
				GCC_WARN_UNUSED_VARIABLE = YES;
				IPHONEOS_DEPLOYMENT_TARGET = 10.1;
				MTL_ENABLE_DEBUG_INFO = NO;
				SDKROOT = iphoneos;
				SWIFT_OPTIMIZATION_LEVEL = "-Owholemodule";
				TARGETED_DEVICE_FAMILY = "1,2";
				VALIDATE_PRODUCT = YES;
			};
			name = Release;
		};
		07D2F3081D2FDC1600BC964B /* Debug */ = {
			isa = XCBuildConfiguration;
			buildSettings = {
				ASSETCATALOG_COMPILER_APPICON_NAME = AppIcon;
				INFOPLIST_FILE = LeakyTwo/Info.plist;
				LD_RUNPATH_SEARCH_PATHS = "$(inherited) @executable_path/Frameworks";
				PRODUCT_BUNDLE_IDENTIFIER = uk.ac.plymouth.LeakyTwo;
				PRODUCT_NAME = "$(TARGET_NAME)";
				SWIFT_VERSION = 3.0;
			};
			name = Debug;
		};
		07D2F3091D2FDC1600BC964B /* Release */ = {
			isa = XCBuildConfiguration;
			buildSettings = {
				ASSETCATALOG_COMPILER_APPICON_NAME = AppIcon;
				INFOPLIST_FILE = LeakyTwo/Info.plist;
				LD_RUNPATH_SEARCH_PATHS = "$(inherited) @executable_path/Frameworks";
				PRODUCT_BUNDLE_IDENTIFIER = uk.ac.plymouth.LeakyTwo;
				PRODUCT_NAME = "$(TARGET_NAME)";
				SWIFT_VERSION = 3.0;
			};
			name = Release;
		};
/* End XCBuildConfiguration section */

/* Begin XCConfigurationList section */
		07D2F2DA1D2FDC1500BC964B /* Build configuration list for PBXProject "LeakyTwo" */ = {
			isa = XCConfigurationList;
			buildConfigurations = (
				07D2F3051D2FDC1600BC964B /* Debug */,
				07D2F3061D2FDC1600BC964B /* Release */,
			);
			defaultConfigurationIsVisible = 0;
			defaultConfigurationName = Release;
		};
		07D2F3071D2FDC1600BC964B /* Build configuration list for PBXNativeTarget "LeakyTwo" */ = {
			isa = XCConfigurationList;
			buildConfigurations = (
				07D2F3081D2FDC1600BC964B /* Debug */,
				07D2F3091D2FDC1600BC964B /* Release */,
			);
			defaultConfigurationIsVisible = 0;
			defaultConfigurationName = Release;
		};
/* End XCConfigurationList section */
	};
	rootObject = 07D2F2D71D2FDC1500BC964B /* Project object */;
}
