// !$*UTF8*$!
{
	archiveVersion = 1;
	classes = {
	};
	objectVersion = 46;
	objects = {

/* Begin PBXBuildFile section */
		07AF90F71C4B7E1600E0379E /* ChildViewController.swift in Sources */ = {isa = PBXBuildFile; fileRef = 07AF90F61C4B7E1600E0379E /* ChildViewController.swift */; };
		07C006E11C49519200595262 /* AppDelegate.swift in Sources */ = {isa = PBXBuildFile; fileRef = 07C006E01C49519200595262 /* AppDelegate.swift */; };
		07C006E31C49519200595262 /* ViewController.swift in Sources */ = {isa = PBXBuildFile; fileRef = 07C006E21C49519200595262 /* ViewController.swift */; };
		07C006E61C49519200595262 /* Main.storyboard in Resources */ = {isa = PBXBuildFile; fileRef = 07C006E41C49519200595262 /* Main.storyboard */; };
		07C006E81C49519200595262 /* Assets.xcassets in Resources */ = {isa = PBXBuildFile; fileRef = 07C006E71C49519200595262 /* Assets.xcassets */; };
		07C006EB1C49519200595262 /* LaunchScreen.storyboard in Resources */ = {isa = PBXBuildFile; fileRef = 07C006E91C49519200595262 /* LaunchScreen.storyboard */; };
		07C006F31C4952DE00595262 /* DarkGreyView.swift in Sources */ = {isa = PBXBuildFile; fileRef = 07C006F21C4952DE00595262 /* DarkGreyView.swift */; };
		07C006F51C49530100595262 /* LightGreyView.swift in Sources */ = {isa = PBXBuildFile; fileRef = 07C006F41C49530100595262 /* LightGreyView.swift */; };
		07C006F71C49531700595262 /* BlueView.swift in Sources */ = {isa = PBXBuildFile; fileRef = 07C006F61C49531700595262 /* BlueView.swift */; };
		07C006F91C49534500595262 /* RootView.swift in Sources */ = {isa = PBXBuildFile; fileRef = 07C006F81C49534500595262 /* RootView.swift */; };
/* End PBXBuildFile section */

/* Begin PBXFileReference section */
		07AF90F61C4B7E1600E0379E /* ChildViewController.swift */ = {isa = PBXFileReference; fileEncoding = 4; lastKnownFileType = sourcecode.swift; path = ChildViewController.swift; sourceTree = "<group>"; };
		07C006DD1C49519200595262 /* ResponderChainDemo.app */ = {isa = PBXFileReference; explicitFileType = wrapper.application; includeInIndex = 0; path = ResponderChainDemo.app; sourceTree = BUILT_PRODUCTS_DIR; };
		07C006E01C49519200595262 /* AppDelegate.swift */ = {isa = PBXFileReference; lastKnownFileType = sourcecode.swift; path = AppDelegate.swift; sourceTree = "<group>"; };
		07C006E21C49519200595262 /* ViewController.swift */ = {isa = PBXFileReference; lastKnownFileType = sourcecode.swift; path = ViewController.swift; sourceTree = "<group>"; };
		07C006E51C49519200595262 /* Base */ = {isa = PBXFileReference; lastKnownFileType = file.storyboard; name = Base; path = Base.lproj/Main.storyboard; sourceTree = "<group>"; };
		07C006E71C49519200595262 /* Assets.xcassets */ = {isa = PBXFileReference; lastKnownFileType = folder.assetcatalog; path = Assets.xcassets; sourceTree = "<group>"; };
		07C006EA1C49519200595262 /* Base */ = {isa = PBXFileReference; lastKnownFileType = file.storyboard; name = Base; path = Base.lproj/LaunchScreen.storyboard; sourceTree = "<group>"; };
		07C006EC1C49519200595262 /* Info.plist */ = {isa = PBXFileReference; lastKnownFileType = text.plist.xml; path = Info.plist; sourceTree = "<group>"; };
		07C006F21C4952DE00595262 /* DarkGreyView.swift */ = {isa = PBXFileReference; fileEncoding = 4; lastKnownFileType = sourcecode.swift; path = DarkGreyView.swift; sourceTree = "<group>"; };
		07C006F41C49530100595262 /* LightGreyView.swift */ = {isa = PBXFileReference; fileEncoding = 4; lastKnownFileType = sourcecode.swift; path = LightGreyView.swift; sourceTree = "<group>"; };
		07C006F61C49531700595262 /* BlueView.swift */ = {isa = PBXFileReference; fileEncoding = 4; lastKnownFileType = sourcecode.swift; path = BlueView.swift; sourceTree = "<group>"; };
		07C006F81C49534500595262 /* RootView.swift */ = {isa = PBXFileReference; fileEncoding = 4; lastKnownFileType = sourcecode.swift; path = RootView.swift; sourceTree = "<group>"; };
/* End PBXFileReference section */

/* Begin PBXFrameworksBuildPhase section */
		07C006DA1C49519200595262 /* Frameworks */ = {
			isa = PBXFrameworksBuildPhase;
			buildActionMask = 2147483647;
			files = (
			);
			runOnlyForDeploymentPostprocessing = 0;
		};
/* End PBXFrameworksBuildPhase section */

/* Begin PBXGroup section */
		07C006D41C49519200595262 = {
			isa = PBXGroup;
			children = (
				07C006DF1C49519200595262 /* ResponderChainDemo */,
				07C006DE1C49519200595262 /* Products */,
			);
			sourceTree = "<group>";
		};
		07C006DE1C49519200595262 /* Products */ = {
			isa = PBXGroup;
			children = (
				07C006DD1C49519200595262 /* ResponderChainDemo.app */,
			);
			name = Products;
			sourceTree = "<group>";
		};
		07C006DF1C49519200595262 /* ResponderChainDemo */ = {
			isa = PBXGroup;
			children = (
				07C006E41C49519200595262 /* Main.storyboard */,
				07C006E01C49519200595262 /* AppDelegate.swift */,
				07C006E21C49519200595262 /* ViewController.swift */,
				07AF90F61C4B7E1600E0379E /* ChildViewController.swift */,
				07C006F81C49534500595262 /* RootView.swift */,
				07C006F21C4952DE00595262 /* DarkGreyView.swift */,
				07C006F41C49530100595262 /* LightGreyView.swift */,
				07C006F61C49531700595262 /* BlueView.swift */,
				07C006E71C49519200595262 /* Assets.xcassets */,
				07C006E91C49519200595262 /* LaunchScreen.storyboard */,
				07C006EC1C49519200595262 /* Info.plist */,
			);
			path = ResponderChainDemo;
			sourceTree = "<group>";
		};
/* End PBXGroup section */

/* Begin PBXNativeTarget section */
		07C006DC1C49519200595262 /* ResponderChainDemo */ = {
			isa = PBXNativeTarget;
			buildConfigurationList = 07C006EF1C49519200595262 /* Build configuration list for PBXNativeTarget "ResponderChainDemo" */;
			buildPhases = (
				07C006D91C49519200595262 /* Sources */,
				07C006DA1C49519200595262 /* Frameworks */,
				07C006DB1C49519200595262 /* Resources */,
			);
			buildRules = (
			);
			dependencies = (
			);
			name = ResponderChainDemo;
			productName = ResponderChainDemo;
			productReference = 07C006DD1C49519200595262 /* ResponderChainDemo.app */;
			productType = "com.apple.product-type.application";
		};
/* End PBXNativeTarget section */

/* Begin PBXProject section */
		07C006D51C49519200595262 /* Project object */ = {
			isa = PBXProject;
			attributes = {
				LastSwiftUpdateCheck = 0720;
				LastUpgradeCheck = 0810;
				ORGANIZATIONNAME = "Plymouth University";
				TargetAttributes = {
					07C006DC1C49519200595262 = {
						CreatedOnToolsVersion = 7.2;
						LastSwiftMigration = 0810;
					};
				};
			};
			buildConfigurationList = 07C006D81C49519200595262 /* Build configuration list for PBXProject "ResponderChainDemo" */;
			compatibilityVersion = "Xcode 3.2";
			developmentRegion = English;
			hasScannedForEncodings = 0;
			knownRegions = (
				en,
				Base,
			);
			mainGroup = 07C006D41C49519200595262;
			productRefGroup = 07C006DE1C49519200595262 /* Products */;
			projectDirPath = "";
			projectRoot = "";
			targets = (
				07C006DC1C49519200595262 /* ResponderChainDemo */,
			);
		};
/* End PBXProject section */

/* Begin PBXResourcesBuildPhase section */
		07C006DB1C49519200595262 /* Resources */ = {
			isa = PBXResourcesBuildPhase;
			buildActionMask = 2147483647;
			files = (
				07C006EB1C49519200595262 /* LaunchScreen.storyboard in Resources */,
				07C006E81C49519200595262 /* Assets.xcassets in Resources */,
				07C006E61C49519200595262 /* Main.storyboard in Resources */,
			);
			runOnlyForDeploymentPostprocessing = 0;
		};
/* End PBXResourcesBuildPhase section */

/* Begin PBXSourcesBuildPhase section */
		07C006D91C49519200595262 /* Sources */ = {
			isa = PBXSourcesBuildPhase;
			buildActionMask = 2147483647;
			files = (
				07AF90F71C4B7E1600E0379E /* ChildViewController.swift in Sources */,
				07C006F51C49530100595262 /* LightGreyView.swift in Sources */,
				07C006F31C4952DE00595262 /* DarkGreyView.swift in Sources */,
				07C006F91C49534500595262 /* RootView.swift in Sources */,
				07C006E31C49519200595262 /* ViewController.swift in Sources */,
				07C006E11C49519200595262 /* AppDelegate.swift in Sources */,
				07C006F71C49531700595262 /* BlueView.swift in Sources */,
			);
			runOnlyForDeploymentPostprocessing = 0;
		};
/* End PBXSourcesBuildPhase section */

/* Begin PBXVariantGroup section */
		07C006E41C49519200595262 /* Main.storyboard */ = {
			isa = PBXVariantGroup;
			children = (
				07C006E51C49519200595262 /* Base */,
			);
			name = Main.storyboard;
			sourceTree = "<group>";
		};
		07C006E91C49519200595262 /* LaunchScreen.storyboard */ = {
			isa = PBXVariantGroup;
			children = (
				07C006EA1C49519200595262 /* Base */,
			);
			name = LaunchScreen.storyboard;
			sourceTree = "<group>";
		};
/* End PBXVariantGroup section */

/* Begin XCBuildConfiguration section */
		07C006ED1C49519200595262 /* Debug */ = {
			isa = XCBuildConfiguration;
			buildSettings = {
				ALWAYS_SEARCH_USER_PATHS = NO;
				CLANG_CXX_LANGUAGE_STANDARD = "gnu++0x";
				CLANG_CXX_LIBRARY = "libc++";
				CLANG_ENABLE_MODULES = YES;
				CLANG_ENABLE_OBJC_ARC = YES;
				CLANG_WARN_BOOL_CONVERSION = YES;
				CLANG_WARN_CONSTANT_CONVERSION = YES;
				CLANG_WARN_DIRECT_OBJC_ISA_USAGE = YES_ERROR;
				CLANG_WARN_EMPTY_BODY = YES;
				CLANG_WARN_ENUM_CONVERSION = YES;
				CLANG_WARN_INFINITE_RECURSION = YES;
				CLANG_WARN_INT_CONVERSION = YES;
				CLANG_WARN_OBJC_ROOT_CLASS = YES_ERROR;
				CLANG_WARN_SUSPICIOUS_MOVE = YES;
				CLANG_WARN_UNREACHABLE_CODE = YES;
				CLANG_WARN__DUPLICATE_METHOD_MATCH = YES;
				"CODE_SIGN_IDENTITY[sdk=iphoneos*]" = "iPhone Developer";
				COPY_PHASE_STRIP = NO;
				DEBUG_INFORMATION_FORMAT = dwarf;
				ENABLE_STRICT_OBJC_MSGSEND = YES;
				ENABLE_TESTABILITY = YES;
				GCC_C_LANGUAGE_STANDARD = gnu99;
				GCC_DYNAMIC_NO_PIC = NO;
				GCC_NO_COMMON_BLOCKS = YES;
				GCC_OPTIMIZATION_LEVEL = 0;
				GCC_PREPROCESSOR_DEFINITIONS = (
					"DEBUG=1",
					"$(inherited)",
				);
				GCC_WARN_64_TO_32_BIT_CONVERSION = YES;
				GCC_WARN_ABOUT_RETURN_TYPE = YES_ERROR;
				GCC_WARN_UNDECLARED_SELECTOR = YES;
				GCC_WARN_UNINITIALIZED_AUTOS = YES_AGGRESSIVE;
				GCC_WARN_UNUSED_FUNCTION = YES;
				GCC_WARN_UNUSED_VARIABLE = YES;
				IPHONEOS_DEPLOYMENT_TARGET = 10.1;
				MTL_ENABLE_DEBUG_INFO = YES;
				ONLY_ACTIVE_ARCH = YES;
				SDKROOT = iphoneos;
				SWIFT_OPTIMIZATION_LEVEL = "-Onone";
			};
			name = Debug;
		};
		07C006EE1C49519200595262 /* Release */ = {
			isa = XCBuildConfiguration;
			buildSettings = {
				ALWAYS_SEARCH_USER_PATHS = NO;
				CLANG_CXX_LANGUAGE_STANDARD = "gnu++0x";
				CLANG_CXX_LIBRARY = "libc++";
				CLANG_ENABLE_MODULES = YES;
				CLANG_ENABLE_OBJC_ARC = YES;
				CLANG_WARN_BOOL_CONVERSION = YES;
				CLANG_WARN_CONSTANT_CONVERSION = YES;
				CLANG_WARN_DIRECT_OBJC_ISA_USAGE = YES_ERROR;
				CLANG_WARN_EMPTY_BODY = YES;
				CLANG_WARN_ENUM_CONVERSION = YES;
				CLANG_WARN_INFINITE_RECURSION = YES;
				CLANG_WARN_INT_CONVERSION = YES;
				CLANG_WARN_OBJC_ROOT_CLASS = YES_ERROR;
				CLANG_WARN_SUSPICIOUS_MOVE = YES;
				CLANG_WARN_UNREACHABLE_CODE = YES;
				CLANG_WARN__DUPLICATE_METHOD_MATCH = YES;
				"CODE_SIGN_IDENTITY[sdk=iphoneos*]" = "iPhone Developer";
				COPY_PHASE_STRIP = NO;
				DEBUG_INFORMATION_FORMAT = "dwarf-with-dsym";
				ENABLE_NS_ASSERTIONS = NO;
				ENABLE_STRICT_OBJC_MSGSEND = YES;
				GCC_C_LANGUAGE_STANDARD = gnu99;
				GCC_NO_COMMON_BLOCKS = YES;
				GCC_WARN_64_TO_32_BIT_CONVERSION = YES;
				GCC_WARN_ABOUT_RETURN_TYPE = YES_ERROR;
				GCC_WARN_UNDECLARED_SELECTOR = YES;
				GCC_WARN_UNINITIALIZED_AUTOS = YES_AGGRESSIVE;
				GCC_WARN_UNUSED_FUNCTION = YES;
				GCC_WARN_UNUSED_VARIABLE = YES;
				IPHONEOS_DEPLOYMENT_TARGET = 10.1;
				MTL_ENABLE_DEBUG_INFO = NO;
				SDKROOT = iphoneos;
				SWIFT_OPTIMIZATION_LEVEL = "-Owholemodule";
				VALIDATE_PRODUCT = YES;
			};
			name = Release;
		};
		07C006F01C49519200595262 /* Debug */ = {
			isa = XCBuildConfiguration;
			buildSettings = {
				ASSETCATALOG_COMPILER_APPICON_NAME = AppIcon;
				INFOPLIST_FILE = ResponderChainDemo/Info.plist;
				LD_RUNPATH_SEARCH_PATHS = "$(inherited) @executable_path/Frameworks";
				PRODUCT_BUNDLE_IDENTIFIER = uk.ac.plymouth.ResponderChainDemo;
				PRODUCT_NAME = "$(TARGET_NAME)";
				SWIFT_VERSION = 3.0;
			};
			name = Debug;
		};
		07C006F11C49519200595262 /* Release */ = {
			isa = XCBuildConfiguration;
			buildSettings = {
				ASSETCATALOG_COMPILER_APPICON_NAME = AppIcon;
				INFOPLIST_FILE = ResponderChainDemo/Info.plist;
				LD_RUNPATH_SEARCH_PATHS = "$(inherited) @executable_path/Frameworks";
				PRODUCT_BUNDLE_IDENTIFIER = uk.ac.plymouth.ResponderChainDemo;
				PRODUCT_NAME = "$(TARGET_NAME)";
				SWIFT_VERSION = 3.0;
			};
			name = Release;
		};
/* End XCBuildConfiguration section */

/* Begin XCConfigurationList section */
		07C006D81C49519200595262 /* Build configuration list for PBXProject "ResponderChainDemo" */ = {
			isa = XCConfigurationList;
			buildConfigurations = (
				07C006ED1C49519200595262 /* Debug */,
				07C006EE1C49519200595262 /* Release */,
			);
			defaultConfigurationIsVisible = 0;
			defaultConfigurationName = Release;
		};
		07C006EF1C49519200595262 /* Build configuration list for PBXNativeTarget "ResponderChainDemo" */ = {
			isa = XCConfigurationList;
			buildConfigurations = (
				07C006F01C49519200595262 /* Debug */,
				07C006F11C49519200595262 /* Release */,
			);
			defaultConfigurationIsVisible = 0;
			defaultConfigurationName = Release;
		};
/* End XCConfigurationList section */
	};
	rootObject = 07C006D51C49519200595262 /* Project object */;
}
